
Microsoft Visual Studio Solution File, Format Version 12.00
# Visual Studio 15
Project("{FAE04EC0-301F-11D3-BF4B-00C04F79EFBC}") = "Zinnia.Runtime", "Zinnia.Runtime.csproj", "{27A4E2D1-4776-1CD1-3F90-38EA2FA7840F}"
EndProject
Project("{FAE04EC0-301F-11D3-BF4B-00C04F79EFBC}") = "VRTK.Prefabs.Runtime", "VRTK.Prefabs.Runtime.csproj", "{B5349427-3649-4486-D003-48F74395E835}"
EndProject
Project("{FAE04EC0-301F-11D3-BF4B-00C04F79EFBC}") = "Zinnia.Tests.Editor", "Zinnia.Tests.Editor.csproj", "{F2F6F0F1-F7E6-4288-2C72-85995A05A185}"
EndProject
Project("{FAE04EC0-301F-11D3-BF4B-00C04F79EFBC}") = "VRTK.Samples.Farm.Runtime", "VRTK.Samples.Farm.Runtime.csproj", "{AB6CE978-50B5-2B93-64A0-E7905F364D71}"
EndProject
Project("{FAE04EC0-301F-11D3-BF4B-00C04F79EFBC}") = "Zinnia.Tests.Utility", "Zinnia.Tests.Utility.csproj", "{A84C6072-40A0-8C92-D176-C8334D7404E7}"
EndProject
Project("{FAE04EC0-301F-11D3-BF4B-00C04F79EFBC}") = "Assembly-CSharp", "Assembly-CSharp.csproj", "{CC8E6562-8162-0444-F897-EC9BA325B6C4}"
EndProject
Project("{FAE04EC0-301F-11D3-BF4B-00C04F79EFBC}") = "Zinnia.Editor", "Zinnia.Editor.csproj", "{1C08B51C-B0C9-0840-30AB-3B9C46969F27}"
EndProject
Project("{FAE04EC0-301F-11D3-BF4B-00C04F79EFBC}") = "VRTK.Samples.Farm.Editor", "VRTK.Samples.Farm.Editor.csproj", "{D4BD2223-4905-3AED-500F-81427B5373AE}"
EndProject
Project("{FAE04EC0-301F-11D3-BF4B-00C04F79EFBC}") = "Supyrb.Editor", "Supyrb.Editor.csproj", "{F68C5897-6601-2BB5-2397-8C9D8CB039E6}"
EndProject
Global
	GlobalSection(SolutionConfigurationPlatforms) = preSolution
		Debug|Any CPU = Debug|Any CPU
		Release|Any CPU = Release|Any CPU
	EndGlobalSection
	GlobalSection(ProjectConfigurationPlatforms) = postSolution
		{27A4E2D1-4776-1CD1-3F90-38EA2FA7840F}.Debug|Any CPU.ActiveCfg = Debug|Any CPU
		{27A4E2D1-4776-1CD1-3F90-38EA2FA7840F}.Debug|Any CPU.Build.0 = Debug|Any CPU
		{27A4E2D1-4776-1CD1-3F90-38EA2FA7840F}.Release|Any CPU.ActiveCfg = Release|Any CPU
		{27A4E2D1-4776-1CD1-3F90-38EA2FA7840F}.Release|Any CPU.Build.0 = Release|Any CPU
		{B5349427-3649-4486-D003-48F74395E835}.Debug|Any CPU.ActiveCfg = Debug|Any CPU
		{B5349427-3649-4486-D003-48F74395E835}.Debug|Any CPU.Build.0 = Debug|Any CPU
		{B5349427-3649-4486-D003-48F74395E835}.Release|Any CPU.ActiveCfg = Release|Any CPU
		{B5349427-3649-4486-D003-48F74395E835}.Release|Any CPU.Build.0 = Release|Any CPU
		{F2F6F0F1-F7E6-4288-2C72-85995A05A185}.Debug|Any CPU.ActiveCfg = Debug|Any CPU
		{F2F6F0F1-F7E6-4288-2C72-85995A05A185}.Debug|Any CPU.Build.0 = Debug|Any CPU
		{F2F6F0F1-F7E6-4288-2C72-85995A05A185}.Release|Any CPU.ActiveCfg = Release|Any CPU
		{F2F6F0F1-F7E6-4288-2C72-85995A05A185}.Release|Any CPU.Build.0 = Release|Any CPU
		{AB6CE978-50B5-2B93-64A0-E7905F364D71}.Debug|Any CPU.ActiveCfg = Debug|Any CPU
		{AB6CE978-50B5-2B93-64A0-E7905F364D71}.Debug|Any CPU.Build.0 = Debug|Any CPU
		{AB6CE978-50B5-2B93-64A0-E7905F364D71}.Release|Any CPU.ActiveCfg = Release|Any CPU
		{AB6CE978-50B5-2B93-64A0-E7905F364D71}.Release|Any CPU.Build.0 = Release|Any CPU
		{A84C6072-40A0-8C92-D176-C8334D7404E7}.Debug|Any CPU.ActiveCfg = Debug|Any CPU
		{A84C6072-40A0-8C92-D176-C8334D7404E7}.Debug|Any CPU.Build.0 = Debug|Any CPU
		{A84C6072-40A0-8C92-D176-C8334D7404E7}.Release|Any CPU.ActiveCfg = Release|Any CPU
		{A84C6072-40A0-8C92-D176-C8334D7404E7}.Release|Any CPU.Build.0 = Release|Any CPU
		{CC8E6562-8162-0444-F897-EC9BA325B6C4}.Debug|Any CPU.ActiveCfg = Debug|Any CPU
		{CC8E6562-8162-0444-F897-EC9BA325B6C4}.Debug|Any CPU.Build.0 = Debug|Any CPU
		{CC8E6562-8162-0444-F897-EC9BA325B6C4}.Release|Any CPU.ActiveCfg = Release|Any CPU
		{CC8E6562-8162-0444-F897-EC9BA325B6C4}.Release|Any CPU.Build.0 = Release|Any CPU
		{1C08B51C-B0C9-0840-30AB-3B9C46969F27}.Debug|Any CPU.ActiveCfg = Debug|Any CPU
		{1C08B51C-B0C9-0840-30AB-3B9C46969F27}.Debug|Any CPU.Build.0 = Debug|Any CPU
		{1C08B51C-B0C9-0840-30AB-3B9C46969F27}.Release|Any CPU.ActiveCfg = Release|Any CPU
		{1C08B51C-B0C9-0840-30AB-3B9C46969F27}.Release|Any CPU.Build.0 = Release|Any CPU
		{D4BD2223-4905-3AED-500F-81427B5373AE}.Debug|Any CPU.ActiveCfg = Debug|Any CPU
		{D4BD2223-4905-3AED-500F-81427B5373AE}.Debug|Any CPU.Build.0 = Debug|Any CPU
		{D4BD2223-4905-3AED-500F-81427B5373AE}.Release|Any CPU.ActiveCfg = Release|Any CPU
		{D4BD2223-4905-3AED-500F-81427B5373AE}.Release|Any CPU.Build.0 = Release|Any CPU
		{F68C5897-6601-2BB5-2397-8C9D8CB039E6}.Debug|Any CPU.ActiveCfg = Debug|Any CPU
		{F68C5897-6601-2BB5-2397-8C9D8CB039E6}.Debug|Any CPU.Build.0 = Debug|Any CPU
		{F68C5897-6601-2BB5-2397-8C9D8CB039E6}.Release|Any CPU.ActiveCfg = Release|Any CPU
		{F68C5897-6601-2BB5-2397-8C9D8CB039E6}.Release|Any CPU.Build.0 = Release|Any CPU
	EndGlobalSection
	GlobalSection(SolutionProperties) = preSolution
		HideSolutionNode = FALSE
	EndGlobalSection
EndGlobal
