
Microsoft Visual Studio Solution File, Format Version 12.00
# Visual Studio 15
Project("{FAE04EC0-301F-11D3-BF4B-00C04F79EFBC}") = "Assembly-CSharp", "Assembly-CSharp.csproj", "{4F2E6900-D1E4-A6B4-1448-0C0E0F4D684E}"
EndProject
Project("{FAE04EC0-301F-11D3-BF4B-00C04F79EFBC}") = "SteamVR", "SteamVR.csproj", "{AA66D475-74F7-F6C2-5EF0-3EA25AEA5879}"
EndProject
Project("{FAE04EC0-301F-11D3-BF4B-00C04F79EFBC}") = "SteamVR_Actions", "SteamVR_Actions.csproj", "{399941A9-752C-E182-89B2-5B54AFDDE964}"
EndProject
Project("{FAE04EC0-301F-11D3-BF4B-00C04F79EFBC}") = "SteamVR_Editor", "SteamVR_Editor.csproj", "{5701C75C-388A-9383-3F31-CD76F4E306B5}"
EndProject
Project("{FAE04EC0-301F-11D3-BF4B-00C04F79EFBC}") = "Assembly-CSharp-Editor", "Assembly-CSharp-Editor.csproj", "{D0A7C817-6BF5-F603-3EAB-A88DD0B9A5DF}"
EndProject
Project("{FAE04EC0-301F-11D3-BF4B-00C04F79EFBC}") = "SteamVR_Input_Editor", "SteamVR_Input_Editor.csproj", "{C905B154-B9F1-B836-E619-2D689680D83D}"
EndProject
Project("{FAE04EC0-301F-11D3-BF4B-00C04F79EFBC}") = "SteamVR_Windows_EditorHelper", "SteamVR_Windows_EditorHelper.csproj", "{7405654B-EAF1-F375-6685-1B82D4C4FB3D}"
EndProject
Global
	GlobalSection(SolutionConfigurationPlatforms) = preSolution
		Debug|Any CPU = Debug|Any CPU
		Release|Any CPU = Release|Any CPU
	EndGlobalSection
	GlobalSection(ProjectConfigurationPlatforms) = postSolution
		{4F2E6900-D1E4-A6B4-1448-0C0E0F4D684E}.Debug|Any CPU.ActiveCfg = Debug|Any CPU
		{4F2E6900-D1E4-A6B4-1448-0C0E0F4D684E}.Debug|Any CPU.Build.0 = Debug|Any CPU
		{4F2E6900-D1E4-A6B4-1448-0C0E0F4D684E}.Release|Any CPU.ActiveCfg = Release|Any CPU
		{4F2E6900-D1E4-A6B4-1448-0C0E0F4D684E}.Release|Any CPU.Build.0 = Release|Any CPU
		{AA66D475-74F7-F6C2-5EF0-3EA25AEA5879}.Debug|Any CPU.ActiveCfg = Debug|Any CPU
		{AA66D475-74F7-F6C2-5EF0-3EA25AEA5879}.Debug|Any CPU.Build.0 = Debug|Any CPU
		{AA66D475-74F7-F6C2-5EF0-3EA25AEA5879}.Release|Any CPU.ActiveCfg = Release|Any CPU
		{AA66D475-74F7-F6C2-5EF0-3EA25AEA5879}.Release|Any CPU.Build.0 = Release|Any CPU
		{399941A9-752C-E182-89B2-5B54AFDDE964}.Debug|Any CPU.ActiveCfg = Debug|Any CPU
		{399941A9-752C-E182-89B2-5B54AFDDE964}.Debug|Any CPU.Build.0 = Debug|Any CPU
		{399941A9-752C-E182-89B2-5B54AFDDE964}.Release|Any CPU.ActiveCfg = Release|Any CPU
		{399941A9-752C-E182-89B2-5B54AFDDE964}.Release|Any CPU.Build.0 = Release|Any CPU
		{5701C75C-388A-9383-3F31-CD76F4E306B5}.Debug|Any CPU.ActiveCfg = Debug|Any CPU
		{5701C75C-388A-9383-3F31-CD76F4E306B5}.Debug|Any CPU.Build.0 = Debug|Any CPU
		{5701C75C-388A-9383-3F31-CD76F4E306B5}.Release|Any CPU.ActiveCfg = Release|Any CPU
		{5701C75C-388A-9383-3F31-CD76F4E306B5}.Release|Any CPU.Build.0 = Release|Any CPU
		{D0A7C817-6BF5-F603-3EAB-A88DD0B9A5DF}.Debug|Any CPU.ActiveCfg = Debug|Any CPU
		{D0A7C817-6BF5-F603-3EAB-A88DD0B9A5DF}.Debug|Any CPU.Build.0 = Debug|Any CPU
		{D0A7C817-6BF5-F603-3EAB-A88DD0B9A5DF}.Release|Any CPU.ActiveCfg = Release|Any CPU
		{D0A7C817-6BF5-F603-3EAB-A88DD0B9A5DF}.Release|Any CPU.Build.0 = Release|Any CPU
		{C905B154-B9F1-B836-E619-2D689680D83D}.Debug|Any CPU.ActiveCfg = Debug|Any CPU
		{C905B154-B9F1-B836-E619-2D689680D83D}.Debug|Any CPU.Build.0 = Debug|Any CPU
		{C905B154-B9F1-B836-E619-2D689680D83D}.Release|Any CPU.ActiveCfg = Release|Any CPU
		{C905B154-B9F1-B836-E619-2D689680D83D}.Release|Any CPU.Build.0 = Release|Any CPU
		{7405654B-EAF1-F375-6685-1B82D4C4FB3D}.Debug|Any CPU.ActiveCfg = Debug|Any CPU
		{7405654B-EAF1-F375-6685-1B82D4C4FB3D}.Debug|Any CPU.Build.0 = Debug|Any CPU
		{7405654B-EAF1-F375-6685-1B82D4C4FB3D}.Release|Any CPU.ActiveCfg = Release|Any CPU
		{7405654B-EAF1-F375-6685-1B82D4C4FB3D}.Release|Any CPU.Build.0 = Release|Any CPU
	EndGlobalSection
	GlobalSection(SolutionProperties) = preSolution
		HideSolutionNode = FALSE
	EndGlobalSection
EndGlobal
